
Microsoft Visual Studio Solution File, Format Version 12.00
# Visual Studio Version 16
VisualStudioVersion = 16.0.29209.62
MinimumVisualStudioVersion = 10.0.40219.1
Project("{FAE04EC0-301F-11D3-BF4B-00C04F79EFBC}") = "tg_crud_solution", "tg_crud_solution.csproj", "{C20B20B7-C9D4-41F4-9D5E-6FAEBC5EB1BA}"
EndProject
Global
	GlobalSection(SolutionConfigurationPlatforms) = preSolution
		Debug|Any CPU = Debug|Any CPU
		Release|Any CPU = Release|Any CPU
	EndGlobalSection
	GlobalSection(ProjectConfigurationPlatforms) = postSolution
		{C20B20B7-C9D4-41F4-9D5E-6FAEBC5EB1BA}.Debug|Any CPU.ActiveCfg = Debug|Any CPU
		{C20B20B7-C9D4-41F4-9D5E-6FAEBC5EB1BA}.Debug|Any CPU.Build.0 = Debug|Any CPU
		{C20B20B7-C9D4-41F4-9D5E-6FAEBC5EB1BA}.Release|Any CPU.ActiveCfg = Release|Any CPU
		{C20B20B7-C9D4-41F4-9D5E-6FAEBC5EB1BA}.Release|Any CPU.Build.0 = Release|Any CPU
	EndGlobalSection
	GlobalSection(SolutionProperties) = preSolution
		HideSolutionNode = FALSE
	EndGlobalSection
	GlobalSection(ExtensibilityGlobals) = postSolution
		SolutionGuid = {0E584B28-F0EA-4719-B12D-01E6C8023A3A}
	EndGlobalSection
EndGlobal
